
Microsoft Visual Studio Solution File, Format Version 12.00
# Visual Studio Version 17
VisualStudioVersion = 17.7.34031.279
MinimumVisualStudioVersion = 10.0.40219.1
Project("{FAE04EC0-301F-11D3-BF4B-00C04F79EFBC}") = "Assignment 6", "Assignment 6.csproj", "{1EAC6FAD-7F08-4FAD-8138-1FA1EF824554}"
EndProject
Global
	GlobalSection(SolutionConfigurationPlatforms) = preSolution
		Debug|Any CPU = Debug|Any CPU
		Release|Any CPU = Release|Any CPU
	EndGlobalSection
	GlobalSection(ProjectConfigurationPlatforms) = postSolution
		{1EAC6FAD-7F08-4FAD-8138-1FA1EF824554}.Debug|Any CPU.ActiveCfg = Debug|Any CPU
		{1EAC6FAD-7F08-4FAD-8138-1FA1EF824554}.Debug|Any CPU.Build.0 = Debug|Any CPU
		{1EAC6FAD-7F08-4FAD-8138-1FA1EF824554}.Release|Any CPU.ActiveCfg = Release|Any CPU
		{1EAC6FAD-7F08-4FAD-8138-1FA1EF824554}.Release|Any CPU.Build.0 = Release|Any CPU
	EndGlobalSection
	GlobalSection(SolutionProperties) = preSolution
		HideSolutionNode = FALSE
	EndGlobalSection
	GlobalSection(ExtensibilityGlobals) = postSolution
		SolutionGuid = {0FD35864-93E5-4743-81FB-5C12C6024D77}
	EndGlobalSection
EndGlobal
